# THIS IS AN AUTOGENERATED FILE. DO NOT EDIT THIS FILE DIRECTLY.
# yarn lockfile v1


react-native-event-source@^1.1.0:
  version "1.1.0"
  resolved "https://registry.yarnpkg.com/react-native-event-source/-/react-native-event-source-1.1.0.tgz#75a085df49d17ffd6ff31ffeb269dd64e21b841a"
  integrity sha512-CAs76IW8kTrdy0okfV2KPopm7E9TL0uNAR+SRrN7iZ/ii0zBeHWuhD4Q2F8gRKvmkrEtCZ6uwnfYL2TFmK0QZg==
